{
    "_meta": {
        "hash": {
            "sha256": "fb63b1607a0713b167d3cc1e2bc8f1ab76f09b1fd6c97e34829d739afdcdf75e"
        },
        "pipfile-spec": 6,
        "requires": {
            "python_version": "3.8"
        },
        "sources": [
            {
                "name": "pypi",
                "url": "https://pypi.org/simple",
                "verify_ssl": true
            }
        ]
    },
    "default": {
        "comtypes": {
            "hashes": [
                "sha256:c9d59f57d559613940f22da54d70add066faa23b4fa9b5cd95facdc501a63b0b"
            ],
            "markers": "platform_system == 'Windows'",
            "version": "==1.1.7"
        },
        "pypiwin32": {
            "hashes": [
                "sha256:67adf399debc1d5d14dffc1ab5acacb800da569754fafdc576b2a039485aa775",
                "sha256:71be40c1fbd28594214ecaecb58e7aa8b708eabfa0125c8a109ebd51edbd776a"
            ],
            "markers": "platform_system == 'Windows'",
            "version": "==223"
        },
        "pyttsx3": {
            "hashes": [
                "sha256:a585b6d8cffc19bd92db1e0ccbd8aa9c6528dd2baa5a47045d6fed542a44aa19"
            ],
            "index": "pypi",
            "version": "==2.90"
        },
        "pywin32": {
            "hashes": [
                "sha256:00eaf43dbd05ba6a9b0080c77e161e0b7a601f9a3f660727a952e40140537de7",
                "sha256:11cb6610efc2f078c9e6d8f5d0f957620c333f4b23466931a247fb945ed35e89",
                "sha256:1f45db18af5d36195447b2cffacd182fe2d296849ba0aecdab24d3852fbf3f80",
                "sha256:37dc9935f6a383cc744315ae0c2882ba1768d9b06700a70f35dc1ce73cd4ba9c",
                "sha256:6e38c44097a834a4707c1b63efa9c2435f5a42afabff634a17f563bc478dfcc8",
                "sha256:8319bafdcd90b7202c50d6014efdfe4fde9311b3ff15fd6f893a45c0868de203",
                "sha256:9b3466083f8271e1a5eb0329f4e0d61925d46b40b195a33413e0905dccb285e8",
                "sha256:a60d795c6590a5b6baeacd16c583d91cce8038f959bd80c53bd9a68f40130f2d",
                "sha256:af40887b6fc200eafe4d7742c48417529a8702dcc1a60bf89eee152d1d11209f",
                "sha256:ec16d44b49b5f34e99eb97cf270806fdc560dff6f84d281eb2fcb89a014a56a9",
                "sha256:ed74b72d8059a6606f64842e7917aeee99159ebd6b8d6261c518d002837be298",
                "sha256:fa6ba028909cfc64ce9e24bcf22f588b14871980d9787f1e2002c99af8f1850c"
            ],
            "markers": "platform_system == 'Windows'",
            "version": "==228"
        }
    },
    "develop": {}
}
